// !$*UTF8*$!
{
	archiveVersion = 1;
	classes = {
	};
	objectVersion = 50;
	objects = {

/* Begin PBXBuildFile section */
		A78B88D52434803C00952691 /* AppDelegate.swift in Sources */ = {isa = PBXBuildFile; fileRef = A78B88D42434803C00952691 /* AppDelegate.swift */; };
		A78B88D72434803C00952691 /* SceneDelegate.swift in Sources */ = {isa = PBXBuildFile; fileRef = A78B88D62434803C00952691 /* SceneDelegate.swift */; };
		A78B88D92434803C00952691 /* ViewController.swift in Sources */ = {isa = PBXBuildFile; fileRef = A78B88D82434803C00952691 /* ViewController.swift */; };
		A78B88DC2434803C00952691 /* Main.storyboard in Resources */ = {isa = PBXBuildFile; fileRef = A78B88DA2434803C00952691 /* Main.storyboard */; };
		A78B88DE2434803D00952691 /* Assets.xcassets in Resources */ = {isa = PBXBuildFile; fileRef = A78B88DD2434803D00952691 /* Assets.xcassets */; };
		A78B88E12434803D00952691 /* LaunchScreen.storyboard in Resources */ = {isa = PBXBuildFile; fileRef = A78B88DF2434803D00952691 /* LaunchScreen.storyboard */; };
		A78B88EC2434803D00952691 /* iTunesSearchTests.swift in Sources */ = {isa = PBXBuildFile; fileRef = A78B88EB2434803D00952691 /* iTunesSearchTests.swift */; };
		A78B88F72434803D00952691 /* iTunesSearchUITests.swift in Sources */ = {isa = PBXBuildFile; fileRef = A78B88F62434803D00952691 /* iTunesSearchUITests.swift */; };
		A78B89062434824600952691 /* libLibrary.a in Frameworks */ = {isa = PBXBuildFile; fileRef = A78B89052434824600952691 /* libLibrary.a */; };
		A78B8908243487F000952691 /* ResultCell.swift in Sources */ = {isa = PBXBuildFile; fileRef = A78B8907243487F000952691 /* ResultCell.swift */; };
/* End PBXBuildFile section */

/* Begin PBXContainerItemProxy section */
		A78B88E82434803D00952691 /* PBXContainerItemProxy */ = {
			isa = PBXContainerItemProxy;
			containerPortal = A78B88C92434803C00952691 /* Project object */;
			proxyType = 1;
			remoteGlobalIDString = A78B88D02434803C00952691;
			remoteInfo = iTunesSearch;
		};
		A78B88F32434803D00952691 /* PBXContainerItemProxy */ = {
			isa = PBXContainerItemProxy;
			containerPortal = A78B88C92434803C00952691 /* Project object */;
			proxyType = 1;
			remoteGlobalIDString = A78B88D02434803C00952691;
			remoteInfo = iTunesSearch;
		};
/* End PBXContainerItemProxy section */

/* Begin PBXFileReference section */
		A78B88D12434803C00952691 /* iTunesSearch.app */ = {isa = PBXFileReference; explicitFileType = wrapper.application; includeInIndex = 0; path = iTunesSearch.app; sourceTree = BUILT_PRODUCTS_DIR; };
		A78B88D42434803C00952691 /* AppDelegate.swift */ = {isa = PBXFileReference; lastKnownFileType = sourcecode.swift; path = AppDelegate.swift; sourceTree = "<group>"; };
		A78B88D62434803C00952691 /* SceneDelegate.swift */ = {isa = PBXFileReference; lastKnownFileType = sourcecode.swift; path = SceneDelegate.swift; sourceTree = "<group>"; };
		A78B88D82434803C00952691 /* ViewController.swift */ = {isa = PBXFileReference; lastKnownFileType = sourcecode.swift; path = ViewController.swift; sourceTree = "<group>"; };
		A78B88DB2434803C00952691 /* Base */ = {isa = PBXFileReference; lastKnownFileType = file.storyboard; name = Base; path = Base.lproj/Main.storyboard; sourceTree = "<group>"; };
		A78B88DD2434803D00952691 /* Assets.xcassets */ = {isa = PBXFileReference; lastKnownFileType = folder.assetcatalog; path = Assets.xcassets; sourceTree = "<group>"; };
		A78B88E02434803D00952691 /* Base */ = {isa = PBXFileReference; lastKnownFileType = file.storyboard; name = Base; path = Base.lproj/LaunchScreen.storyboard; sourceTree = "<group>"; };
		A78B88E22434803D00952691 /* Info.plist */ = {isa = PBXFileReference; lastKnownFileType = text.plist.xml; path = Info.plist; sourceTree = "<group>"; };
		A78B88E72434803D00952691 /* iTunesSearchTests.xctest */ = {isa = PBXFileReference; explicitFileType = wrapper.cfbundle; includeInIndex = 0; path = iTunesSearchTests.xctest; sourceTree = BUILT_PRODUCTS_DIR; };
		A78B88EB2434803D00952691 /* iTunesSearchTests.swift */ = {isa = PBXFileReference; lastKnownFileType = sourcecode.swift; path = iTunesSearchTests.swift; sourceTree = "<group>"; };
		A78B88ED2434803D00952691 /* Info.plist */ = {isa = PBXFileReference; lastKnownFileType = text.plist.xml; path = Info.plist; sourceTree = "<group>"; };
		A78B88F22434803D00952691 /* iTunesSearchUITests.xctest */ = {isa = PBXFileReference; explicitFileType = wrapper.cfbundle; includeInIndex = 0; path = iTunesSearchUITests.xctest; sourceTree = BUILT_PRODUCTS_DIR; };
		A78B88F62434803D00952691 /* iTunesSearchUITests.swift */ = {isa = PBXFileReference; lastKnownFileType = sourcecode.swift; path = iTunesSearchUITests.swift; sourceTree = "<group>"; };
		A78B88F82434803D00952691 /* Info.plist */ = {isa = PBXFileReference; lastKnownFileType = text.plist.xml; path = Info.plist; sourceTree = "<group>"; };
		A78B89052434824600952691 /* libLibrary.a */ = {isa = PBXFileReference; explicitFileType = archive.ar; path = libLibrary.a; sourceTree = BUILT_PRODUCTS_DIR; };
		A78B8907243487F000952691 /* ResultCell.swift */ = {isa = PBXFileReference; lastKnownFileType = sourcecode.swift; path = ResultCell.swift; sourceTree = "<group>"; };
/* End PBXFileReference section */

/* Begin PBXFrameworksBuildPhase section */
		A78B88CE2434803C00952691 /* Frameworks */ = {
			isa = PBXFrameworksBuildPhase;
			buildActionMask = 2147483647;
			files = (
				A78B89062434824600952691 /* libLibrary.a in Frameworks */,
			);
			runOnlyForDeploymentPostprocessing = 0;
		};
		A78B88E42434803D00952691 /* Frameworks */ = {
			isa = PBXFrameworksBuildPhase;
			buildActionMask = 2147483647;
			files = (
			);
			runOnlyForDeploymentPostprocessing = 0;
		};
		A78B88EF2434803D00952691 /* Frameworks */ = {
			isa = PBXFrameworksBuildPhase;
			buildActionMask = 2147483647;
			files = (
			);
			runOnlyForDeploymentPostprocessing = 0;
		};
/* End PBXFrameworksBuildPhase section */

/* Begin PBXGroup section */
		A78B88C82434803C00952691 = {
			isa = PBXGroup;
			children = (
				A78B88D32434803C00952691 /* iTunesSearch */,
				A78B88EA2434803D00952691 /* iTunesSearchTests */,
				A78B88F52434803D00952691 /* iTunesSearchUITests */,
				A78B88D22434803C00952691 /* Products */,
				A78B89042434824600952691 /* Frameworks */,
			);
			sourceTree = "<group>";
		};
		A78B88D22434803C00952691 /* Products */ = {
			isa = PBXGroup;
			children = (
				A78B88D12434803C00952691 /* iTunesSearch.app */,
				A78B88E72434803D00952691 /* iTunesSearchTests.xctest */,
				A78B88F22434803D00952691 /* iTunesSearchUITests.xctest */,
			);
			name = Products;
			sourceTree = "<group>";
		};
		A78B88D32434803C00952691 /* iTunesSearch */ = {
			isa = PBXGroup;
			children = (
				A78B88D42434803C00952691 /* AppDelegate.swift */,
				A78B88D62434803C00952691 /* SceneDelegate.swift */,
				A78B88D82434803C00952691 /* ViewController.swift */,
				A78B88DA2434803C00952691 /* Main.storyboard */,
				A78B88DD2434803D00952691 /* Assets.xcassets */,
				A78B88DF2434803D00952691 /* LaunchScreen.storyboard */,
				A78B88E22434803D00952691 /* Info.plist */,
				A78B8907243487F000952691 /* ResultCell.swift */,
			);
			path = iTunesSearch;
			sourceTree = "<group>";
		};
		A78B88EA2434803D00952691 /* iTunesSearchTests */ = {
			isa = PBXGroup;
			children = (
				A78B88EB2434803D00952691 /* iTunesSearchTests.swift */,
				A78B88ED2434803D00952691 /* Info.plist */,
			);
			path = iTunesSearchTests;
			sourceTree = "<group>";
		};
		A78B88F52434803D00952691 /* iTunesSearchUITests */ = {
			isa = PBXGroup;
			children = (
				A78B88F62434803D00952691 /* iTunesSearchUITests.swift */,
				A78B88F82434803D00952691 /* Info.plist */,
			);
			path = iTunesSearchUITests;
			sourceTree = "<group>";
		};
		A78B89042434824600952691 /* Frameworks */ = {
			isa = PBXGroup;
			children = (
				A78B89052434824600952691 /* libLibrary.a */,
			);
			name = Frameworks;
			sourceTree = "<group>";
		};
/* End PBXGroup section */

/* Begin PBXNativeTarget section */
		A78B88D02434803C00952691 /* iTunesSearch */ = {
			isa = PBXNativeTarget;
			buildConfigurationList = A78B88FB2434803D00952691 /* Build configuration list for PBXNativeTarget "iTunesSearch" */;
			buildPhases = (
				A78B88CD2434803C00952691 /* Sources */,
				A78B88CE2434803C00952691 /* Frameworks */,
				A78B88CF2434803C00952691 /* Resources */,
			);
			buildRules = (
			);
			dependencies = (
			);
			name = iTunesSearch;
			productName = iTunesSearch;
			productReference = A78B88D12434803C00952691 /* iTunesSearch.app */;
			productType = "com.apple.product-type.application";
		};
		A78B88E62434803D00952691 /* iTunesSearchTests */ = {
			isa = PBXNativeTarget;
			buildConfigurationList = A78B88FE2434803D00952691 /* Build configuration list for PBXNativeTarget "iTunesSearchTests" */;
			buildPhases = (
				A78B88E32434803D00952691 /* Sources */,
				A78B88E42434803D00952691 /* Frameworks */,
				A78B88E52434803D00952691 /* Resources */,
			);
			buildRules = (
			);
			dependencies = (
				A78B88E92434803D00952691 /* PBXTargetDependency */,
			);
			name = iTunesSearchTests;
			productName = iTunesSearchTests;
			productReference = A78B88E72434803D00952691 /* iTunesSearchTests.xctest */;
			productType = "com.apple.product-type.bundle.unit-test";
		};
		A78B88F12434803D00952691 /* iTunesSearchUITests */ = {
			isa = PBXNativeTarget;
			buildConfigurationList = A78B89012434803D00952691 /* Build configuration list for PBXNativeTarget "iTunesSearchUITests" */;
			buildPhases = (
				A78B88EE2434803D00952691 /* Sources */,
				A78B88EF2434803D00952691 /* Frameworks */,
				A78B88F02434803D00952691 /* Resources */,
			);
			buildRules = (
			);
			dependencies = (
				A78B88F42434803D00952691 /* PBXTargetDependency */,
			);
			name = iTunesSearchUITests;
			productName = iTunesSearchUITests;
			productReference = A78B88F22434803D00952691 /* iTunesSearchUITests.xctest */;
			productType = "com.apple.product-type.bundle.ui-testing";
		};
/* End PBXNativeTarget section */

/* Begin PBXProject section */
		A78B88C92434803C00952691 /* Project object */ = {
			isa = PBXProject;
			attributes = {
				LastSwiftUpdateCheck = 1140;
				LastUpgradeCheck = 1140;
				ORGANIZATIONNAME = "Oliver Paray";
				TargetAttributes = {
					A78B88D02434803C00952691 = {
						CreatedOnToolsVersion = 11.4;
					};
					A78B88E62434803D00952691 = {
						CreatedOnToolsVersion = 11.4;
						TestTargetID = A78B88D02434803C00952691;
					};
					A78B88F12434803D00952691 = {
						CreatedOnToolsVersion = 11.4;
						TestTargetID = A78B88D02434803C00952691;
					};
				};
			};
			buildConfigurationList = A78B88CC2434803C00952691 /* Build configuration list for PBXProject "iTunesSearch" */;
			compatibilityVersion = "Xcode 9.3";
			developmentRegion = en;
			hasScannedForEncodings = 0;
			knownRegions = (
				en,
				Base,
			);
			mainGroup = A78B88C82434803C00952691;
			productRefGroup = A78B88D22434803C00952691 /* Products */;
			projectDirPath = "";
			projectRoot = "";
			targets = (
				A78B88D02434803C00952691 /* iTunesSearch */,
				A78B88E62434803D00952691 /* iTunesSearchTests */,
				A78B88F12434803D00952691 /* iTunesSearchUITests */,
			);
		};
/* End PBXProject section */

/* Begin PBXResourcesBuildPhase section */
		A78B88CF2434803C00952691 /* Resources */ = {
			isa = PBXResourcesBuildPhase;
			buildActionMask = 2147483647;
			files = (
				A78B88E12434803D00952691 /* LaunchScreen.storyboard in Resources */,
				A78B88DE2434803D00952691 /* Assets.xcassets in Resources */,
				A78B88DC2434803C00952691 /* Main.storyboard in Resources */,
			);
			runOnlyForDeploymentPostprocessing = 0;
		};
		A78B88E52434803D00952691 /* Resources */ = {
			isa = PBXResourcesBuildPhase;
			buildActionMask = 2147483647;
			files = (
			);
			runOnlyForDeploymentPostprocessing = 0;
		};
		A78B88F02434803D00952691 /* Resources */ = {
			isa = PBXResourcesBuildPhase;
			buildActionMask = 2147483647;
			files = (
			);
			runOnlyForDeploymentPostprocessing = 0;
		};
/* End PBXResourcesBuildPhase section */

/* Begin PBXSourcesBuildPhase section */
		A78B88CD2434803C00952691 /* Sources */ = {
			isa = PBXSourcesBuildPhase;
			buildActionMask = 2147483647;
			files = (
				A78B88D92434803C00952691 /* ViewController.swift in Sources */,
				A78B88D52434803C00952691 /* AppDelegate.swift in Sources */,
				A78B8908243487F000952691 /* ResultCell.swift in Sources */,
				A78B88D72434803C00952691 /* SceneDelegate.swift in Sources */,
			);
			runOnlyForDeploymentPostprocessing = 0;
		};
		A78B88E32434803D00952691 /* Sources */ = {
			isa = PBXSourcesBuildPhase;
			buildActionMask = 2147483647;
			files = (
				A78B88EC2434803D00952691 /* iTunesSearchTests.swift in Sources */,
			);
			runOnlyForDeploymentPostprocessing = 0;
		};
		A78B88EE2434803D00952691 /* Sources */ = {
			isa = PBXSourcesBuildPhase;
			buildActionMask = 2147483647;
			files = (
				A78B88F72434803D00952691 /* iTunesSearchUITests.swift in Sources */,
			);
			runOnlyForDeploymentPostprocessing = 0;
		};
/* End PBXSourcesBuildPhase section */

/* Begin PBXTargetDependency section */
		A78B88E92434803D00952691 /* PBXTargetDependency */ = {
			isa = PBXTargetDependency;
			target = A78B88D02434803C00952691 /* iTunesSearch */;
			targetProxy = A78B88E82434803D00952691 /* PBXContainerItemProxy */;
		};
		A78B88F42434803D00952691 /* PBXTargetDependency */ = {
			isa = PBXTargetDependency;
			target = A78B88D02434803C00952691 /* iTunesSearch */;
			targetProxy = A78B88F32434803D00952691 /* PBXContainerItemProxy */;
		};
/* End PBXTargetDependency section */

/* Begin PBXVariantGroup section */
		A78B88DA2434803C00952691 /* Main.storyboard */ = {
			isa = PBXVariantGroup;
			children = (
				A78B88DB2434803C00952691 /* Base */,
			);
			name = Main.storyboard;
			sourceTree = "<group>";
		};
		A78B88DF2434803D00952691 /* LaunchScreen.storyboard */ = {
			isa = PBXVariantGroup;
			children = (
				A78B88E02434803D00952691 /* Base */,
			);
			name = LaunchScreen.storyboard;
			sourceTree = "<group>";
		};
/* End PBXVariantGroup section */

/* Begin XCBuildConfiguration section */
		A78B88F92434803D00952691 /* Debug */ = {
			isa = XCBuildConfiguration;
			buildSettings = {
				ALWAYS_SEARCH_USER_PATHS = NO;
				CLANG_ANALYZER_NONNULL = YES;
				CLANG_ANALYZER_NUMBER_OBJECT_CONVERSION = YES_AGGRESSIVE;
				CLANG_CXX_LANGUAGE_STANDARD = "gnu++14";
				CLANG_CXX_LIBRARY = "libc++";
				CLANG_ENABLE_MODULES = YES;
				CLANG_ENABLE_OBJC_ARC = YES;
				CLANG_ENABLE_OBJC_WEAK = YES;
				CLANG_WARN_BLOCK_CAPTURE_AUTORELEASING = YES;
				CLANG_WARN_BOOL_CONVERSION = YES;
				CLANG_WARN_COMMA = YES;
				CLANG_WARN_CONSTANT_CONVERSION = YES;
				CLANG_WARN_DEPRECATED_OBJC_IMPLEMENTATIONS = YES;
				CLANG_WARN_DIRECT_OBJC_ISA_USAGE = YES_ERROR;
				CLANG_WARN_DOCUMENTATION_COMMENTS = YES;
				CLANG_WARN_EMPTY_BODY = YES;
				CLANG_WARN_ENUM_CONVERSION = YES;
				CLANG_WARN_INFINITE_RECURSION = YES;
				CLANG_WARN_INT_CONVERSION = YES;
				CLANG_WARN_NON_LITERAL_NULL_CONVERSION = YES;
				CLANG_WARN_OBJC_IMPLICIT_RETAIN_SELF = YES;
				CLANG_WARN_OBJC_LITERAL_CONVERSION = YES;
				CLANG_WARN_OBJC_ROOT_CLASS = YES_ERROR;
				CLANG_WARN_RANGE_LOOP_ANALYSIS = YES;
				CLANG_WARN_STRICT_PROTOTYPES = YES;
				CLANG_WARN_SUSPICIOUS_MOVE = YES;
				CLANG_WARN_UNGUARDED_AVAILABILITY = YES_AGGRESSIVE;
				CLANG_WARN_UNREACHABLE_CODE = YES;
				CLANG_WARN__DUPLICATE_METHOD_MATCH = YES;
				COPY_PHASE_STRIP = NO;
				DEBUG_INFORMATION_FORMAT = dwarf;
				ENABLE_STRICT_OBJC_MSGSEND = YES;
				ENABLE_TESTABILITY = YES;
				GCC_C_LANGUAGE_STANDARD = gnu11;
				GCC_DYNAMIC_NO_PIC = NO;
				GCC_NO_COMMON_BLOCKS = YES;
				GCC_OPTIMIZATION_LEVEL = 0;
				GCC_PREPROCESSOR_DEFINITIONS = (
					"DEBUG=1",
					"$(inherited)",
				);
				GCC_WARN_64_TO_32_BIT_CONVERSION = YES;
				GCC_WARN_ABOUT_RETURN_TYPE = YES_ERROR;
				GCC_WARN_UNDECLARED_SELECTOR = YES;
				GCC_WARN_UNINITIALIZED_AUTOS = YES_AGGRESSIVE;
				GCC_WARN_UNUSED_FUNCTION = YES;
				GCC_WARN_UNUSED_VARIABLE = YES;
				IPHONEOS_DEPLOYMENT_TARGET = 13.4;
				MTL_ENABLE_DEBUG_INFO = INCLUDE_SOURCE;
				MTL_FAST_MATH = YES;
				ONLY_ACTIVE_ARCH = YES;
				SDKROOT = iphoneos;
				SWIFT_ACTIVE_COMPILATION_CONDITIONS = DEBUG;
				SWIFT_OPTIMIZATION_LEVEL = "-Onone";
			};
			name = Debug;
		};
		A78B88FA2434803D00952691 /* Release */ = {
			isa = XCBuildConfiguration;
			buildSettings = {
				ALWAYS_SEARCH_USER_PATHS = NO;
				CLANG_ANALYZER_NONNULL = YES;
				CLANG_ANALYZER_NUMBER_OBJECT_CONVERSION = YES_AGGRESSIVE;
				CLANG_CXX_LANGUAGE_STANDARD = "gnu++14";
				CLANG_CXX_LIBRARY = "libc++";
				CLANG_ENABLE_MODULES = YES;
				CLANG_ENABLE_OBJC_ARC = YES;
				CLANG_ENABLE_OBJC_WEAK = YES;
				CLANG_WARN_BLOCK_CAPTURE_AUTORELEASING = YES;
				CLANG_WARN_BOOL_CONVERSION = YES;
				CLANG_WARN_COMMA = YES;
				CLANG_WARN_CONSTANT_CONVERSION = YES;
				CLANG_WARN_DEPRECATED_OBJC_IMPLEMENTATIONS = YES;
				CLANG_WARN_DIRECT_OBJC_ISA_USAGE = YES_ERROR;
				CLANG_WARN_DOCUMENTATION_COMMENTS = YES;
				CLANG_WARN_EMPTY_BODY = YES;
				CLANG_WARN_ENUM_CONVERSION = YES;
				CLANG_WARN_INFINITE_RECURSION = YES;
				CLANG_WARN_INT_CONVERSION = YES;
				CLANG_WARN_NON_LITERAL_NULL_CONVERSION = YES;
				CLANG_WARN_OBJC_IMPLICIT_RETAIN_SELF = YES;
				CLANG_WARN_OBJC_LITERAL_CONVERSION = YES;
				CLANG_WARN_OBJC_ROOT_CLASS = YES_ERROR;
				CLANG_WARN_RANGE_LOOP_ANALYSIS = YES;
				CLANG_WARN_STRICT_PROTOTYPES = YES;
				CLANG_WARN_SUSPICIOUS_MOVE = YES;
				CLANG_WARN_UNGUARDED_AVAILABILITY = YES_AGGRESSIVE;
				CLANG_WARN_UNREACHABLE_CODE = YES;
				CLANG_WARN__DUPLICATE_METHOD_MATCH = YES;
				COPY_PHASE_STRIP = NO;
				DEBUG_INFORMATION_FORMAT = "dwarf-with-dsym";
				ENABLE_NS_ASSERTIONS = NO;
				ENABLE_STRICT_OBJC_MSGSEND = YES;
				GCC_C_LANGUAGE_STANDARD = gnu11;
				GCC_NO_COMMON_BLOCKS = YES;
				GCC_WARN_64_TO_32_BIT_CONVERSION = YES;
				GCC_WARN_ABOUT_RETURN_TYPE = YES_ERROR;
				GCC_WARN_UNDECLARED_SELECTOR = YES;
				GCC_WARN_UNINITIALIZED_AUTOS = YES_AGGRESSIVE;
				GCC_WARN_UNUSED_FUNCTION = YES;
				GCC_WARN_UNUSED_VARIABLE = YES;
				IPHONEOS_DEPLOYMENT_TARGET = 13.4;
				MTL_ENABLE_DEBUG_INFO = NO;
				MTL_FAST_MATH = YES;
				SDKROOT = iphoneos;
				SWIFT_COMPILATION_MODE = wholemodule;
				SWIFT_OPTIMIZATION_LEVEL = "-O";
				VALIDATE_PRODUCT = YES;
			};
			name = Release;
		};
		A78B88FC2434803D00952691 /* Debug */ = {
			isa = XCBuildConfiguration;
			buildSettings = {
				ASSETCATALOG_COMPILER_APPICON_NAME = AppIcon;
				CODE_SIGN_STYLE = Automatic;
				DEVELOPMENT_TEAM = 5E3MK9462Q;
				INFOPLIST_FILE = iTunesSearch/Info.plist;
				LD_RUNPATH_SEARCH_PATHS = (
					"$(inherited)",
					"@executable_path/Frameworks",
				);
				PRODUCT_BUNDLE_IDENTIFIER = net.homeip.paray.iTunesSearch;
				PRODUCT_NAME = "$(TARGET_NAME)";
				SWIFT_VERSION = 5.0;
				TARGETED_DEVICE_FAMILY = "1,2";
			};
			name = Debug;
		};
		A78B88FD2434803D00952691 /* Release */ = {
			isa = XCBuildConfiguration;
			buildSettings = {
				ASSETCATALOG_COMPILER_APPICON_NAME = AppIcon;
				CODE_SIGN_STYLE = Automatic;
				DEVELOPMENT_TEAM = 5E3MK9462Q;
				INFOPLIST_FILE = iTunesSearch/Info.plist;
				LD_RUNPATH_SEARCH_PATHS = (
					"$(inherited)",
					"@executable_path/Frameworks",
				);
				PRODUCT_BUNDLE_IDENTIFIER = net.homeip.paray.iTunesSearch;
				PRODUCT_NAME = "$(TARGET_NAME)";
				SWIFT_VERSION = 5.0;
				TARGETED_DEVICE_FAMILY = "1,2";
			};
			name = Release;
		};
		A78B88FF2434803D00952691 /* Debug */ = {
			isa = XCBuildConfiguration;
			buildSettings = {
				ALWAYS_EMBED_SWIFT_STANDARD_LIBRARIES = YES;
				BUNDLE_LOADER = "$(TEST_HOST)";
				CODE_SIGN_STYLE = Automatic;
				DEVELOPMENT_TEAM = 5E3MK9462Q;
				INFOPLIST_FILE = iTunesSearchTests/Info.plist;
				IPHONEOS_DEPLOYMENT_TARGET = 13.4;
				LD_RUNPATH_SEARCH_PATHS = (
					"$(inherited)",
					"@executable_path/Frameworks",
					"@loader_path/Frameworks",
				);
				PRODUCT_BUNDLE_IDENTIFIER = net.homeip.paray.iTunesSearchTests;
				PRODUCT_NAME = "$(TARGET_NAME)";
				SWIFT_VERSION = 5.0;
				TARGETED_DEVICE_FAMILY = "1,2";
				TEST_HOST = "$(BUILT_PRODUCTS_DIR)/iTunesSearch.app/iTunesSearch";
			};
			name = Debug;
		};
		A78B89002434803D00952691 /* Release */ = {
			isa = XCBuildConfiguration;
			buildSettings = {
				ALWAYS_EMBED_SWIFT_STANDARD_LIBRARIES = YES;
				BUNDLE_LOADER = "$(TEST_HOST)";
				CODE_SIGN_STYLE = Automatic;
				DEVELOPMENT_TEAM = 5E3MK9462Q;
				INFOPLIST_FILE = iTunesSearchTests/Info.plist;
				IPHONEOS_DEPLOYMENT_TARGET = 13.4;
				LD_RUNPATH_SEARCH_PATHS = (
					"$(inherited)",
					"@executable_path/Frameworks",
					"@loader_path/Frameworks",
				);
				PRODUCT_BUNDLE_IDENTIFIER = net.homeip.paray.iTunesSearchTests;
				PRODUCT_NAME = "$(TARGET_NAME)";
				SWIFT_VERSION = 5.0;
				TARGETED_DEVICE_FAMILY = "1,2";
				TEST_HOST = "$(BUILT_PRODUCTS_DIR)/iTunesSearch.app/iTunesSearch";
			};
			name = Release;
		};
		A78B89022434803D00952691 /* Debug */ = {
			isa = XCBuildConfiguration;
			buildSettings = {
				ALWAYS_EMBED_SWIFT_STANDARD_LIBRARIES = YES;
				CODE_SIGN_STYLE = Automatic;
				DEVELOPMENT_TEAM = 5E3MK9462Q;
				INFOPLIST_FILE = iTunesSearchUITests/Info.plist;
				LD_RUNPATH_SEARCH_PATHS = (
					"$(inherited)",
					"@executable_path/Frameworks",
					"@loader_path/Frameworks",
				);
				PRODUCT_BUNDLE_IDENTIFIER = net.homeip.paray.iTunesSearchUITests;
				PRODUCT_NAME = "$(TARGET_NAME)";
				SWIFT_VERSION = 5.0;
				TARGETED_DEVICE_FAMILY = "1,2";
				TEST_TARGET_NAME = iTunesSearch;
			};
			name = Debug;
		};
		A78B89032434803D00952691 /* Release */ = {
			isa = XCBuildConfiguration;
			buildSettings = {
				ALWAYS_EMBED_SWIFT_STANDARD_LIBRARIES = YES;
				CODE_SIGN_STYLE = Automatic;
				DEVELOPMENT_TEAM = 5E3MK9462Q;
				INFOPLIST_FILE = iTunesSearchUITests/Info.plist;
				LD_RUNPATH_SEARCH_PATHS = (
					"$(inherited)",
					"@executable_path/Frameworks",
					"@loader_path/Frameworks",
				);
				PRODUCT_BUNDLE_IDENTIFIER = net.homeip.paray.iTunesSearchUITests;
				PRODUCT_NAME = "$(TARGET_NAME)";
				SWIFT_VERSION = 5.0;
				TARGETED_DEVICE_FAMILY = "1,2";
				TEST_TARGET_NAME = iTunesSearch;
			};
			name = Release;
		};
/* End XCBuildConfiguration section */

/* Begin XCConfigurationList section */
		A78B88CC2434803C00952691 /* Build configuration list for PBXProject "iTunesSearch" */ = {
			isa = XCConfigurationList;
			buildConfigurations = (
				A78B88F92434803D00952691 /* Debug */,
				A78B88FA2434803D00952691 /* Release */,
			);
			defaultConfigurationIsVisible = 0;
			defaultConfigurationName = Release;
		};
		A78B88FB2434803D00952691 /* Build configuration list for PBXNativeTarget "iTunesSearch" */ = {
			isa = XCConfigurationList;
			buildConfigurations = (
				A78B88FC2434803D00952691 /* Debug */,
				A78B88FD2434803D00952691 /* Release */,
			);
			defaultConfigurationIsVisible = 0;
			defaultConfigurationName = Release;
		};
		A78B88FE2434803D00952691 /* Build configuration list for PBXNativeTarget "iTunesSearchTests" */ = {
			isa = XCConfigurationList;
			buildConfigurations = (
				A78B88FF2434803D00952691 /* Debug */,
				A78B89002434803D00952691 /* Release */,
			);
			defaultConfigurationIsVisible = 0;
			defaultConfigurationName = Release;
		};
		A78B89012434803D00952691 /* Build configuration list for PBXNativeTarget "iTunesSearchUITests" */ = {
			isa = XCConfigurationList;
			buildConfigurations = (
				A78B89022434803D00952691 /* Debug */,
				A78B89032434803D00952691 /* Release */,
			);
			defaultConfigurationIsVisible = 0;
			defaultConfigurationName = Release;
		};
/* End XCConfigurationList section */
	};
	rootObject = A78B88C92434803C00952691 /* Project object */;
}
